
Microsoft Visual Studio Solution File, Format Version 12.00
# Visual Studio 2013
VisualStudioVersion = 12.0.30723.0
MinimumVisualStudioVersion = 10.0.40219.1
Project("{8BC9CEB8-8B4A-11D0-8D11-00A0C91BC942}") = "[Easy] 2  Calculator", "[Easy] 2  Calculator\[Easy] 2  Calculator.vcxproj", "{56FF0B0F-3341-4916-841B-B6B07153F343}"
EndProject
Global
	GlobalSection(SolutionConfigurationPlatforms) = preSolution
		Debug|Win32 = Debug|Win32
		Release|Win32 = Release|Win32
	EndGlobalSection
	GlobalSection(ProjectConfigurationPlatforms) = postSolution
		{56FF0B0F-3341-4916-841B-B6B07153F343}.Debug|Win32.ActiveCfg = Debug|Win32
		{56FF0B0F-3341-4916-841B-B6B07153F343}.Debug|Win32.Build.0 = Debug|Win32
		{56FF0B0F-3341-4916-841B-B6B07153F343}.Release|Win32.ActiveCfg = Release|Win32
		{56FF0B0F-3341-4916-841B-B6B07153F343}.Release|Win32.Build.0 = Release|Win32
	EndGlobalSection
	GlobalSection(SolutionProperties) = preSolution
		HideSolutionNode = FALSE
	EndGlobalSection
EndGlobal
